
Microsoft Visual Studio Solution File, Format Version 12.00
# Visual Studio Version 16
VisualStudioVersion = 16.0.29926.136
MinimumVisualStudioVersion = 10.0.40219.1
Project("{FAE04EC0-301F-11D3-BF4B-00C04F79EFBC}") = "TowerOfHanoi", "TowerOfHanoi.csproj", "{99E69BCB-B089-492F-A424-FA48B6DEC045}"
EndProject
Global
	GlobalSection(SolutionConfigurationPlatforms) = preSolution
		Debug|Any CPU = Debug|Any CPU
		Release|Any CPU = Release|Any CPU
	EndGlobalSection
	GlobalSection(ProjectConfigurationPlatforms) = postSolution
		{99E69BCB-B089-492F-A424-FA48B6DEC045}.Debug|Any CPU.ActiveCfg = Debug|Any CPU
		{99E69BCB-B089-492F-A424-FA48B6DEC045}.Debug|Any CPU.Build.0 = Debug|Any CPU
		{99E69BCB-B089-492F-A424-FA48B6DEC045}.Release|Any CPU.ActiveCfg = Release|Any CPU
		{99E69BCB-B089-492F-A424-FA48B6DEC045}.Release|Any CPU.Build.0 = Release|Any CPU
	EndGlobalSection
	GlobalSection(SolutionProperties) = preSolution
		HideSolutionNode = FALSE
	EndGlobalSection
	GlobalSection(ExtensibilityGlobals) = postSolution
		SolutionGuid = {84A77CA2-D1D4-44BD-A7BE-0C38D0CF0B3F}
	EndGlobalSection
EndGlobal
